
Microsoft Visual Studio Solution File, Format Version 12.00
# Visual Studio Version 17
VisualStudioVersion = 17.13.35913.81
MinimumVisualStudioVersion = 10.0.40219.1
Project("{FAE04EC0-301F-11D3-BF4B-00C04F79EFBC}") = "ScienceMarket", "ScienceMarket\ScienceMarket.csproj", "{C0567309-69C7-413D-8CB4-4C3D476DA9CF}"
EndProject
Project("{FAE04EC0-301F-11D3-BF4B-00C04F79EFBC}") = "ScienceMarketData", "ScienceMarketData\ScienceMarketData.csproj", "{C74DA6E7-49A4-4D46-A17A-FF9E129256D6}"
EndProject
Project("{FAE04EC0-301F-11D3-BF4B-00C04F79EFBC}") = "ScienceMarketMigration", "ScienceMarketMigration\ScienceMarketMigration.csproj", "{3384469D-8572-4D23-B24C-4F7D99E518DA}"
EndProject
Project("{FAE04EC0-301F-11D3-BF4B-00C04F79EFBC}") = "ScienceMarketWebApi", "ScienceMarketWebApi\ScienceMarketWebApi.csproj", "{CBD331B7-37A3-4BC9-B9A2-4419F775FF36}"
EndProject
Global
	GlobalSection(SolutionConfigurationPlatforms) = preSolution
		Debug|Any CPU = Debug|Any CPU
		Release|Any CPU = Release|Any CPU
	EndGlobalSection
	GlobalSection(ProjectConfigurationPlatforms) = postSolution
		{C0567309-69C7-413D-8CB4-4C3D476DA9CF}.Debug|Any CPU.ActiveCfg = Debug|Any CPU
		{C0567309-69C7-413D-8CB4-4C3D476DA9CF}.Debug|Any CPU.Build.0 = Debug|Any CPU
		{C0567309-69C7-413D-8CB4-4C3D476DA9CF}.Release|Any CPU.ActiveCfg = Release|Any CPU
		{C0567309-69C7-413D-8CB4-4C3D476DA9CF}.Release|Any CPU.Build.0 = Release|Any CPU
		{C74DA6E7-49A4-4D46-A17A-FF9E129256D6}.Debug|Any CPU.ActiveCfg = Debug|Any CPU
		{C74DA6E7-49A4-4D46-A17A-FF9E129256D6}.Debug|Any CPU.Build.0 = Debug|Any CPU
		{C74DA6E7-49A4-4D46-A17A-FF9E129256D6}.Release|Any CPU.ActiveCfg = Release|Any CPU
		{C74DA6E7-49A4-4D46-A17A-FF9E129256D6}.Release|Any CPU.Build.0 = Release|Any CPU
		{3384469D-8572-4D23-B24C-4F7D99E518DA}.Debug|Any CPU.ActiveCfg = Debug|Any CPU
		{3384469D-8572-4D23-B24C-4F7D99E518DA}.Debug|Any CPU.Build.0 = Debug|Any CPU
		{3384469D-8572-4D23-B24C-4F7D99E518DA}.Release|Any CPU.ActiveCfg = Release|Any CPU
		{3384469D-8572-4D23-B24C-4F7D99E518DA}.Release|Any CPU.Build.0 = Release|Any CPU
		{CBD331B7-37A3-4BC9-B9A2-4419F775FF36}.Debug|Any CPU.ActiveCfg = Debug|Any CPU
		{CBD331B7-37A3-4BC9-B9A2-4419F775FF36}.Debug|Any CPU.Build.0 = Debug|Any CPU
		{CBD331B7-37A3-4BC9-B9A2-4419F775FF36}.Release|Any CPU.ActiveCfg = Release|Any CPU
		{CBD331B7-37A3-4BC9-B9A2-4419F775FF36}.Release|Any CPU.Build.0 = Release|Any CPU
	EndGlobalSection
	GlobalSection(SolutionProperties) = preSolution
		HideSolutionNode = FALSE
	EndGlobalSection
	GlobalSection(ExtensibilityGlobals) = postSolution
		SolutionGuid = {2FBF88D8-97A9-46A3-BB2A-4C461D5B2F40}
	EndGlobalSection
EndGlobal
